
Microsoft Visual Studio Solution File, Format Version 12.00
# Visual Studio Version 17
VisualStudioVersion = 17.0.32014.148
MinimumVisualStudioVersion = 10.0.40219.1
Project("{9A19103F-16F7-4668-BE54-9A1E7A4F7556}") = "RandomSequence", "RandomSequence\RandomSequence.csproj", "{44E6CAEA-9F47-42C8-A1BF-053054DD5787}"
EndProject
Project("{9A19103F-16F7-4668-BE54-9A1E7A4F7556}") = "ChallangesTest", "ChallangesTest\ChallangesTest.csproj", "{5A9B0D7B-A177-4FFF-A7CE-4801BDF3ABC6}"
EndProject
Global
	GlobalSection(SolutionConfigurationPlatforms) = preSolution
		Debug|Any CPU = Debug|Any CPU
		Release|Any CPU = Release|Any CPU
	EndGlobalSection
	GlobalSection(ProjectConfigurationPlatforms) = postSolution
		{44E6CAEA-9F47-42C8-A1BF-053054DD5787}.Debug|Any CPU.ActiveCfg = Debug|Any CPU
		{44E6CAEA-9F47-42C8-A1BF-053054DD5787}.Debug|Any CPU.Build.0 = Debug|Any CPU
		{44E6CAEA-9F47-42C8-A1BF-053054DD5787}.Release|Any CPU.ActiveCfg = Release|Any CPU
		{44E6CAEA-9F47-42C8-A1BF-053054DD5787}.Release|Any CPU.Build.0 = Release|Any CPU
		{5A9B0D7B-A177-4FFF-A7CE-4801BDF3ABC6}.Debug|Any CPU.ActiveCfg = Debug|Any CPU
		{5A9B0D7B-A177-4FFF-A7CE-4801BDF3ABC6}.Debug|Any CPU.Build.0 = Debug|Any CPU
		{5A9B0D7B-A177-4FFF-A7CE-4801BDF3ABC6}.Release|Any CPU.ActiveCfg = Release|Any CPU
		{5A9B0D7B-A177-4FFF-A7CE-4801BDF3ABC6}.Release|Any CPU.Build.0 = Release|Any CPU
	EndGlobalSection
	GlobalSection(SolutionProperties) = preSolution
		HideSolutionNode = FALSE
	EndGlobalSection
	GlobalSection(ExtensibilityGlobals) = postSolution
		SolutionGuid = {D30E036B-5C35-40E3-9902-E4D1FAEFDD4A}
	EndGlobalSection
EndGlobal
